
Microsoft Visual Studio Solution File, Format Version 12.00
# Visual Studio Version 16
VisualStudioVersion = 16.0.30413.136
MinimumVisualStudioVersion = 10.0.40219.1
Project("{9A19103F-16F7-4668-BE54-9A1E7A4F7556}") = "College", "College\College.csproj", "{C87E31A9-B223-4336-BDEB-6AA2294860DC}"
EndProject
Project("{FAE04EC0-301F-11D3-BF4B-00C04F79EFBC}") = "College.Model", "College.Model\College.Model.csproj", "{116EE02C-11BC-43E5-A7F6-BD19DC6C98D2}"
EndProject
Project("{FAE04EC0-301F-11D3-BF4B-00C04F79EFBC}") = "College.Access", "College.Access\College.Access.csproj", "{F2093154-8017-4B4A-B405-26588357079F}"
EndProject
Project("{FAE04EC0-301F-11D3-BF4B-00C04F79EFBC}") = "College.Database", "College.Database\College.Database.csproj", "{217AC6DF-4C29-4678-AA3C-D154C1835EA6}"
EndProject
Global
	GlobalSection(SolutionConfigurationPlatforms) = preSolution
		Debug|Any CPU = Debug|Any CPU
		Release|Any CPU = Release|Any CPU
	EndGlobalSection
	GlobalSection(ProjectConfigurationPlatforms) = postSolution
		{C87E31A9-B223-4336-BDEB-6AA2294860DC}.Debug|Any CPU.ActiveCfg = Debug|Any CPU
		{C87E31A9-B223-4336-BDEB-6AA2294860DC}.Debug|Any CPU.Build.0 = Debug|Any CPU
		{C87E31A9-B223-4336-BDEB-6AA2294860DC}.Release|Any CPU.ActiveCfg = Release|Any CPU
		{C87E31A9-B223-4336-BDEB-6AA2294860DC}.Release|Any CPU.Build.0 = Release|Any CPU
		{116EE02C-11BC-43E5-A7F6-BD19DC6C98D2}.Debug|Any CPU.ActiveCfg = Debug|Any CPU
		{116EE02C-11BC-43E5-A7F6-BD19DC6C98D2}.Debug|Any CPU.Build.0 = Debug|Any CPU
		{116EE02C-11BC-43E5-A7F6-BD19DC6C98D2}.Release|Any CPU.ActiveCfg = Release|Any CPU
		{116EE02C-11BC-43E5-A7F6-BD19DC6C98D2}.Release|Any CPU.Build.0 = Release|Any CPU
		{F2093154-8017-4B4A-B405-26588357079F}.Debug|Any CPU.ActiveCfg = Debug|Any CPU
		{F2093154-8017-4B4A-B405-26588357079F}.Debug|Any CPU.Build.0 = Debug|Any CPU
		{F2093154-8017-4B4A-B405-26588357079F}.Release|Any CPU.ActiveCfg = Release|Any CPU
		{F2093154-8017-4B4A-B405-26588357079F}.Release|Any CPU.Build.0 = Release|Any CPU
		{217AC6DF-4C29-4678-AA3C-D154C1835EA6}.Debug|Any CPU.ActiveCfg = Debug|Any CPU
		{217AC6DF-4C29-4678-AA3C-D154C1835EA6}.Debug|Any CPU.Build.0 = Debug|Any CPU
		{217AC6DF-4C29-4678-AA3C-D154C1835EA6}.Release|Any CPU.ActiveCfg = Release|Any CPU
		{217AC6DF-4C29-4678-AA3C-D154C1835EA6}.Release|Any CPU.Build.0 = Release|Any CPU
	EndGlobalSection
	GlobalSection(SolutionProperties) = preSolution
		HideSolutionNode = FALSE
	EndGlobalSection
	GlobalSection(ExtensibilityGlobals) = postSolution
		SolutionGuid = {D267F383-1593-4F3B-AD49-1630C6193101}
	EndGlobalSection
EndGlobal
